<?xml version="1.0" encoding="utf-8"?>
<Project ToolsVersion="4.0" xmlns="http://schemas.microsoft.com/developer/msbuild/2003">
  <ItemGroup>
    <Filter Include="include">
      <UniqueIdentifier>{68528b60-6ad4-4f48-94ae-c9d6cf245d04}</UniqueIdentifier>
    </Filter>
    <Filter Include="src">
      <UniqueIdentifier>{f79bd5d7-ea84-4142-83a4-bb26d1b9a93b}</UniqueIdentifier>
    </Filter>
  </ItemGroup>
  <ItemGroup>
    <ClInclude Include="include\tinystr.h">
      <Filter>include</Filter>
    </ClInclude>
    <ClInclude Include="include\tinyxml.h">
      <Filter>include</Filter>
    </ClInclude>
  </ItemGroup>
  <ItemGroup>
    <ClCompile Include="src\tinyxml.cpp">
      <Filter>src</Filter>
    </ClCompile>
    <ClCompile Include="src\tinyxmlerror.cpp">
      <Filter>src</Filter>
    </ClCompile>
    <ClCompile Include="src\tinyxmlparser.cpp">
      <Filter>src</Filter>
    </ClCompile>
    <ClCompile Include="src\tinystr.cpp">
      <Filter>src</Filter>
    </ClCompile>
  </ItemGroup>
</Project>