<?xml version="1.0" encoding="utf-8"?>
<Project ToolsVersion="4.0" xmlns:atg="http://atg.xbox.com" xmlns="http://schemas.microsoft.com/developer/msbuild/2003">
  <ItemGroup>
    <Filter Include="Resource Files">
      <UniqueIdentifier>{8e114980-c1a3-4ada-ad7c-83caadf5daeb}</UniqueIdentifier>
      <Extensions>rc;ico;cur;bmp;dlg;rc2;rct;bin;rgs;gif;jpg;jpeg;jpe</Extensions>
    </Filter>
    <Filter Include="DXUT">
      <UniqueIdentifier>{a43c5c25-0e86-4a20-b64a-883785ff74fd}</UniqueIdentifier>
    </Filter>
    <Filter Include="Shaders">
      <UniqueIdentifier>{2c3d4c8c-5d1a-459a-a05a-a4e4b608a44e}</UniqueIdentifier>
      <Extensions>fx;fxh;hlsl</Extensions>
    </Filter>
    <Filter Include="Cameras">
      <UniqueIdentifier>{e6ba6276-620d-4a18-b3fd-bf4982938808}</UniqueIdentifier>
    </Filter>
    <Filter Include="Interfaces">
      <UniqueIdentifier>{0bc21464-75e5-4539-9af5-1f6f9afff5a2}</UniqueIdentifier>
    </Filter>
    <Filter Include="Lights">
      <UniqueIdentifier>{142efd12-a900-46b2-9de2-9caca80ca003}</UniqueIdentifier>
    </Filter>
    <Filter Include="Post Process">
      <UniqueIdentifier>{b3f42333-a9b6-4632-a524-e53c97415e01}</UniqueIdentifier>
    </Filter>
    <Filter Include="Buffers">
      <UniqueIdentifier>{7c64a593-d07d-43bc-9fc8-0eb1cb05e6e6}</UniqueIdentifier>
    </Filter>
    <Filter Include="Models">
      <UniqueIdentifier>{217f9938-c221-4dee-80c6-37c0037ebe1e}</UniqueIdentifier>
    </Filter>
    <Filter Include="Quads">
      <UniqueIdentifier>{be4f8f37-2e28-4b18-9117-eb8b5598ebcb}</UniqueIdentifier>
    </Filter>
    <Filter Include="Input">
      <UniqueIdentifier>{b8843b02-6f5a-4d22-a73a-f73f3f78ae62}</UniqueIdentifier>
    </Filter>
  </ItemGroup>
  <ItemGroup>
    <None Include="DXUT\Optional\directx.ico">
      <Filter>Resource Files</Filter>
    </None>
    <ClInclude Include="DXUT\Core\DXUT.h">
      <Filter>DXUT</Filter>
    </ClInclude>
    <ClInclude Include="DXUT\Core\DXUTDevice11.h">
      <Filter>DXUT</Filter>
    </ClInclude>
    <ClInclude Include="DXUT\Core\DXUTDevice9.h">
      <Filter>DXUT</Filter>
    </ClInclude>
    <ClInclude Include="DXUT\Core\DXUTmisc.h">
      <Filter>DXUT</Filter>
    </ClInclude>
    <ClCompile Include="DXUT\Core\DXUT.cpp">
      <Filter>DXUT</Filter>
    </ClCompile>
    <ClCompile Include="DXUT\Core\DXUTDevice11.cpp">
      <Filter>DXUT</Filter>
    </ClCompile>
    <ClCompile Include="DXUT\Core\DXUTDevice9.cpp">
      <Filter>DXUT</Filter>
    </ClCompile>
    <ClCompile Include="DXUT\Core\DXUTmisc.cpp">
      <Filter>DXUT</Filter>
    </ClCompile>
    <ClInclude Include="DXUT\Optional\DXUTcamera.h">
      <Filter>DXUT</Filter>
    </ClInclude>
    <ClInclude Include="DXUT\Optional\DXUTgui.h">
      <Filter>DXUT</Filter>
    </ClInclude>
    <ClInclude Include="DXUT\Optional\DXUTres.h">
      <Filter>DXUT</Filter>
    </ClInclude>
    <ClInclude Include="DXUT\Optional\DXUTsettingsdlg.h">
      <Filter>DXUT</Filter>
    </ClInclude>
    <ClInclude Include="DXUT\Optional\SDKmesh.h">
      <Filter>DXUT</Filter>
    </ClInclude>
    <ClInclude Include="DXUT\Optional\SDKmisc.h">
      <Filter>DXUT</Filter>
    </ClInclude>
    <ClCompile Include="DXUT\Optional\DXUTcamera.cpp">
      <Filter>DXUT</Filter>
    </ClCompile>
    <ClCompile Include="DXUT\Optional\DXUTgui.cpp">
      <Filter>DXUT</Filter>
    </ClCompile>
    <ClCompile Include="DXUT\Optional\DXUTres.cpp">
      <Filter>DXUT</Filter>
    </ClCompile>
    <ClCompile Include="DXUT\Optional\DXUTsettingsdlg.cpp">
      <Filter>DXUT</Filter>
    </ClCompile>
    <ClCompile Include="DXUT\Optional\SDKmesh.cpp">
      <Filter>DXUT</Filter>
    </ClCompile>
    <ClCompile Include="DXUT\Optional\SDKmisc.cpp">
      <Filter>DXUT</Filter>
    </ClCompile>
    <None Include="QuadVS.hlsl">
      <Filter>Shaders</Filter>
    </None>
    <None Include="GBufferCombine.hlsl">
      <Filter>Shaders</Filter>
    </None>
    <None Include="DirectionalLight.hlsl">
      <Filter>Shaders</Filter>
    </None>
    <None Include="Mesh.hlsl">
      <Filter>Shaders</Filter>
    </None>
    <None Include="Depth.hlsl">
      <Filter>Shaders</Filter>
    </None>
    <None Include="PointLight.hlsl">
      <Filter>Shaders</Filter>
    </None>
    <None Include="DualParaboloidDepth.hlsl">
      <Filter>Shaders</Filter>
    </None>
  </ItemGroup>
  <ItemGroup>
    <ClCompile Include="deferred-renderer.cpp" />
    <ClCompile Include="ModelInstance.cpp">
      <Filter>Models</Filter>
    </ClCompile>
    <ClCompile Include="GBuffer.cpp">
      <Filter>Buffers</Filter>
    </ClCompile>
    <ClCompile Include="Renderer.cpp" />
    <ClCompile Include="Game.cpp" />
    <ClCompile Include="LightBuffer.cpp">
      <Filter>Buffers</Filter>
    </ClCompile>
    <ClCompile Include="ModelRenderer.cpp">
      <Filter>Models</Filter>
    </ClCompile>
    <ClCompile Include="Quad.cpp">
      <Filter>Quads</Filter>
    </ClCompile>
    <ClCompile Include="ShaderLoader.cpp" />
    <ClCompile Include="FullscreenQuad.cpp">
      <Filter>Quads</Filter>
    </ClCompile>
    <ClCompile Include="CombinePostProcess.cpp">
      <Filter>Post Process</Filter>
    </ClCompile>
    <ClCompile Include="KeyboardState.cpp">
      <Filter>Input</Filter>
    </ClCompile>
    <ClCompile Include="MouseState.cpp">
      <Filter>Input</Filter>
    </ClCompile>
    <ClCompile Include="DirectionalLightRenderer.cpp">
      <Filter>Lights</Filter>
    </ClCompile>
    <ClCompile Include="DeviceStates.cpp" />
    <ClCompile Include="PostProcess.cpp">
      <Filter>Post Process</Filter>
    </ClCompile>
    <ClCompile Include="PointLightRenderer.cpp">
      <Filter>Lights</Filter>
    </ClCompile>
  </ItemGroup>
  <ItemGroup>
    <None Include="SimpleSample.hlsl">
      <Filter>Shaders</Filter>
    </None>
  </ItemGroup>
  <ItemGroup>
    <CLInclude Include="resource.h">
      <Filter>Resource Files</Filter>
    </CLInclude>
    <ResourceCompile Include="SimpleSample.rc">
      <Filter>Resource Files</Filter>
    </ResourceCompile>
    <ClInclude Include="Camera.h">
      <Filter>Cameras</Filter>
    </ClInclude>
    <ClInclude Include="BoundingObjects.h" />
    <ClInclude Include="IUpdateable.h">
      <Filter>Interfaces</Filter>
    </ClInclude>
    <ClInclude Include="IHasContent.h">
      <Filter>Interfaces</Filter>
    </ClInclude>
    <ClInclude Include="IDrawable.h">
      <Filter>Interfaces</Filter>
    </ClInclude>
    <ClInclude Include="Renderer.h" />
    <ClInclude Include="Light.h">
      <Filter>Lights</Filter>
    </ClInclude>
    <ClInclude Include="PostProcess.h">
      <Filter>Post Process</Filter>
    </ClInclude>
    <ClInclude Include="ModelInstance.h">
      <Filter>Models</Filter>
    </ClInclude>
    <ClInclude Include="DeferredBuffer.h">
      <Filter>Buffers</Filter>
    </ClInclude>
    <ClInclude Include="GBuffer.h">
      <Filter>Buffers</Filter>
    </ClInclude>
    <ClInclude Include="LightRenderer.h">
      <Filter>Lights</Filter>
    </ClInclude>
    <ClInclude Include="Game.h" />
    <ClInclude Include="LightBuffer.h">
      <Filter>Buffers</Filter>
    </ClInclude>
    <ClInclude Include="ModelRenderer.h">
      <Filter>Models</Filter>
    </ClInclude>
    <ClInclude Include="Quad.h">
      <Filter>Quads</Filter>
    </ClInclude>
    <ClInclude Include="ShaderLoader.h" />
    <ClInclude Include="FullscreenQuad.h">
      <Filter>Quads</Filter>
    </ClInclude>
    <ClInclude Include="CombinePostProcess.h">
      <Filter>Post Process</Filter>
    </ClInclude>
    <ClInclude Include="KeyboardState.h">
      <Filter>Input</Filter>
    </ClInclude>
    <ClInclude Include="MouseState.h">
      <Filter>Input</Filter>
    </ClInclude>
    <ClInclude Include="ButtonState.h">
      <Filter>Input</Filter>
    </ClInclude>
    <ClInclude Include="DirectionalLightRenderer.h">
      <Filter>Lights</Filter>
    </ClInclude>
    <ClInclude Include="DeviceStates.h" />
    <ClInclude Include="Defines.h" />
    <ClInclude Include="Utility.h" />
    <ClInclude Include="PointLightRenderer.h">
      <Filter>Lights</Filter>
    </ClInclude>
    <ClInclude Include="HDRPostProcess.h">
      <Filter>Post Process</Filter>
    </ClInclude>
    <ClInclude Include="Model.h">
      <Filter>Models</Filter>
    </ClInclude>
  </ItemGroup>
  <ItemGroup>
  </ItemGroup>
</Project>