<?xml version="1.0" encoding="utf-8"?>
<Project ToolsVersion="4.0" xmlns:atg="http://atg.xbox.com" xmlns="http://schemas.microsoft.com/developer/msbuild/2003">
  <ItemGroup>
    <Filter Include="Resource Files">
      <UniqueIdentifier>{8e114980-c1a3-4ada-ad7c-83caadf5daeb}</UniqueIdentifier>
      <Extensions>rc;ico;cur;bmp;dlg;rc2;rct;bin;rgs;gif;jpg;jpeg;jpe</Extensions>
    </Filter>
    <Filter Include="DXUT">
      <UniqueIdentifier>{a43c5c25-0e86-4a20-b64a-883785ff74fd}</UniqueIdentifier>
    </Filter>
    <Filter Include="Shaders">
      <UniqueIdentifier>{2c3d4c8c-5d1a-459a-a05a-a4e4b608a44e}</UniqueIdentifier>
      <Extensions>fx;fxh;hlsl</Extensions>
    </Filter>
    <Filter Include="Cameras">
      <UniqueIdentifier>{e6ba6276-620d-4a18-b3fd-bf4982938808}</UniqueIdentifier>
    </Filter>
    <Filter Include="Interfaces">
      <UniqueIdentifier>{0bc21464-75e5-4539-9af5-1f6f9afff5a2}</UniqueIdentifier>
    </Filter>
    <Filter Include="Lights">
      <UniqueIdentifier>{142efd12-a900-46b2-9de2-9caca80ca003}</UniqueIdentifier>
    </Filter>
    <Filter Include="Post Process">
      <UniqueIdentifier>{b3f42333-a9b6-4632-a524-e53c97415e01}</UniqueIdentifier>
    </Filter>
    <Filter Include="Buffers">
      <UniqueIdentifier>{7c64a593-d07d-43bc-9fc8-0eb1cb05e6e6}</UniqueIdentifier>
    </Filter>
    <Filter Include="Models">
      <UniqueIdentifier>{217f9938-c221-4dee-80c6-37c0037ebe1e}</UniqueIdentifier>
    </Filter>
    <Filter Include="Quads">
      <UniqueIdentifier>{be4f8f37-2e28-4b18-9117-eb8b5598ebcb}</UniqueIdentifier>
    </Filter>
    <Filter Include="Input">
      <UniqueIdentifier>{b8843b02-6f5a-4d22-a73a-f73f3f78ae62}</UniqueIdentifier>
    </Filter>
    <Filter Include="Collision">
      <UniqueIdentifier>{db123f84-d85b-4c7f-9058-9cd3f7d1b8d5}</UniqueIdentifier>
    </Filter>
    <Filter Include="Lights\Light Types">
      <UniqueIdentifier>{6309fa1a-c9e3-4023-ab56-8000ec803181}</UniqueIdentifier>
    </Filter>
    <Filter Include="Lights\Renderers">
      <UniqueIdentifier>{8b2032c1-ff26-4ab0-b81d-57df3345c54f}</UniqueIdentifier>
    </Filter>
    <Filter Include="Application">
      <UniqueIdentifier>{852300e5-3042-466e-9f31-942250fc7cb5}</UniqueIdentifier>
    </Filter>
    <Filter Include="Graphics Helpers">
      <UniqueIdentifier>{56872c66-41ce-48e6-9858-efaed604d5ef}</UniqueIdentifier>
    </Filter>
    <Filter Include="UI">
      <UniqueIdentifier>{eb496945-77d7-4ef4-a46a-919f7d679550}</UniqueIdentifier>
    </Filter>
    <Filter Include="Sprites">
      <UniqueIdentifier>{eac99c23-503c-40bc-9249-f84d3af06b77}</UniqueIdentifier>
    </Filter>
    <Filter Include="Post Process\Configuration Panes">
      <UniqueIdentifier>{de2c4305-8fba-4681-84a1-e0bb18cec684}</UniqueIdentifier>
    </Filter>
    <Filter Include="Cameras\Configuration Panes">
      <UniqueIdentifier>{cac029e3-4df9-487b-a45c-75390eb53342}</UniqueIdentifier>
    </Filter>
    <Filter Include="Logging">
      <UniqueIdentifier>{9cda81bf-f84a-43a6-aa79-b6bdb8bfe5a8}</UniqueIdentifier>
    </Filter>
  </ItemGroup>
  <ItemGroup>
    <None Include="DXUT\Optional\directx.ico">
      <Filter>Resource Files</Filter>
    </None>
    <ClInclude Include="DXUT\Core\DXUT.h">
      <Filter>DXUT</Filter>
    </ClInclude>
    <ClInclude Include="DXUT\Core\DXUTDevice11.h">
      <Filter>DXUT</Filter>
    </ClInclude>
    <ClInclude Include="DXUT\Core\DXUTDevice9.h">
      <Filter>DXUT</Filter>
    </ClInclude>
    <ClInclude Include="DXUT\Core\DXUTmisc.h">
      <Filter>DXUT</Filter>
    </ClInclude>
    <ClCompile Include="DXUT\Core\DXUT.cpp">
      <Filter>DXUT</Filter>
    </ClCompile>
    <ClCompile Include="DXUT\Core\DXUTDevice11.cpp">
      <Filter>DXUT</Filter>
    </ClCompile>
    <ClCompile Include="DXUT\Core\DXUTDevice9.cpp">
      <Filter>DXUT</Filter>
    </ClCompile>
    <ClCompile Include="DXUT\Core\DXUTmisc.cpp">
      <Filter>DXUT</Filter>
    </ClCompile>
    <ClInclude Include="DXUT\Optional\DXUTcamera.h">
      <Filter>DXUT</Filter>
    </ClInclude>
    <ClInclude Include="DXUT\Optional\DXUTgui.h">
      <Filter>DXUT</Filter>
    </ClInclude>
    <ClInclude Include="DXUT\Optional\DXUTres.h">
      <Filter>DXUT</Filter>
    </ClInclude>
    <ClInclude Include="DXUT\Optional\DXUTsettingsdlg.h">
      <Filter>DXUT</Filter>
    </ClInclude>
    <ClInclude Include="DXUT\Optional\SDKmesh.h">
      <Filter>DXUT</Filter>
    </ClInclude>
    <ClInclude Include="DXUT\Optional\SDKmisc.h">
      <Filter>DXUT</Filter>
    </ClInclude>
    <ClCompile Include="DXUT\Optional\DXUTcamera.cpp">
      <Filter>DXUT</Filter>
    </ClCompile>
    <ClCompile Include="DXUT\Optional\DXUTgui.cpp">
      <Filter>DXUT</Filter>
    </ClCompile>
    <ClCompile Include="DXUT\Optional\DXUTres.cpp">
      <Filter>DXUT</Filter>
    </ClCompile>
    <ClCompile Include="DXUT\Optional\DXUTsettingsdlg.cpp">
      <Filter>DXUT</Filter>
    </ClCompile>
    <ClCompile Include="DXUT\Optional\SDKmesh.cpp">
      <Filter>DXUT</Filter>
    </ClCompile>
    <ClCompile Include="DXUT\Optional\SDKmisc.cpp">
      <Filter>DXUT</Filter>
    </ClCompile>
    <None Include="QuadVS.hlsl">
      <Filter>Shaders</Filter>
    </None>
    <None Include="GBufferCombine.hlsl">
      <Filter>Shaders</Filter>
    </None>
    <None Include="DirectionalLight.hlsl">
      <Filter>Shaders</Filter>
    </None>
    <None Include="Mesh.hlsl">
      <Filter>Shaders</Filter>
    </None>
    <None Include="Depth.hlsl">
      <Filter>Shaders</Filter>
    </None>
    <None Include="PointLight.hlsl">
      <Filter>Shaders</Filter>
    </None>
    <None Include="DualParaboloidDepth.hlsl">
      <Filter>Shaders</Filter>
    </None>
    <None Include="BoundingObject.hlsl">
      <Filter>Shaders</Filter>
    </None>
    <None Include="HDR.hlsl">
      <Filter>Shaders</Filter>
    </None>
    <None Include="Sky.hlsl">
      <Filter>Shaders</Filter>
    </None>
    <None Include="SSAO.hlsl">
      <Filter>Shaders</Filter>
    </None>
    <None Include="MLAA.hlsl">
      <Filter>Shaders</Filter>
    </None>
    <None Include="DoF.hlsl">
      <Filter>Shaders</Filter>
    </None>
    <None Include="UIRenderer.h">
      <Filter>UI</Filter>
    </None>
    <None Include="Sprite.hlsl">
      <Filter>Shaders</Filter>
    </None>
    <None Include="Copy.hlsl">
      <Filter>Shaders</Filter>
    </None>
  </ItemGroup>
  <ItemGroup>
    <ClCompile Include="ModelInstance.cpp">
      <Filter>Models</Filter>
    </ClCompile>
    <ClCompile Include="GBuffer.cpp">
      <Filter>Buffers</Filter>
    </ClCompile>
    <ClCompile Include="Renderer.cpp" />
    <ClCompile Include="LightBuffer.cpp">
      <Filter>Buffers</Filter>
    </ClCompile>
    <ClCompile Include="ModelRenderer.cpp">
      <Filter>Models</Filter>
    </ClCompile>
    <ClCompile Include="Quad.cpp">
      <Filter>Quads</Filter>
    </ClCompile>
    <ClCompile Include="FullscreenQuad.cpp">
      <Filter>Quads</Filter>
    </ClCompile>
    <ClCompile Include="CombinePostProcess.cpp">
      <Filter>Post Process</Filter>
    </ClCompile>
    <ClCompile Include="KeyboardState.cpp">
      <Filter>Input</Filter>
    </ClCompile>
    <ClCompile Include="MouseState.cpp">
      <Filter>Input</Filter>
    </ClCompile>
    <ClCompile Include="PostProcess.cpp">
      <Filter>Post Process</Filter>
    </ClCompile>
    <ClCompile Include="Model.cpp">
      <Filter>Models</Filter>
    </ClCompile>
    <ClCompile Include="Material.cpp">
      <Filter>Models</Filter>
    </ClCompile>
    <ClCompile Include="Mesh.cpp">
      <Filter>Models</Filter>
    </ClCompile>
    <ClCompile Include="BoundingObjectRenderer.cpp">
      <Filter>Collision</Filter>
    </ClCompile>
    <ClCompile Include="xnaCollision.cpp">
      <Filter>Collision</Filter>
    </ClCompile>
    <ClCompile Include="HDRPostProcess.cpp">
      <Filter>Post Process</Filter>
    </ClCompile>
    <ClCompile Include="SkyPostProcess.cpp">
      <Filter>Post Process</Filter>
    </ClCompile>
    <ClCompile Include="Camera.cpp">
      <Filter>Cameras</Filter>
    </ClCompile>
    <ClCompile Include="PerspectiveCamera.cpp">
      <Filter>Cameras</Filter>
    </ClCompile>
    <ClCompile Include="FirstPersonCamera.cpp">
      <Filter>Cameras</Filter>
    </ClCompile>
    <ClCompile Include="OrthographicCamera.cpp">
      <Filter>Cameras</Filter>
    </ClCompile>
    <ClCompile Include="SpotLightRenderer.cpp">
      <Filter>Lights\Renderers</Filter>
    </ClCompile>
    <ClCompile Include="DDSTextureLoader.cpp">
      <Filter>Graphics Helpers</Filter>
    </ClCompile>
    <ClCompile Include="ShaderLoader.cpp">
      <Filter>Graphics Helpers</Filter>
    </ClCompile>
    <ClCompile Include="DeviceStates.cpp">
      <Filter>Graphics Helpers</Filter>
    </ClCompile>
    <ClCompile Include="Window.cpp">
      <Filter>Application</Filter>
    </ClCompile>
    <ClCompile Include="DeviceManager.cpp">
      <Filter>Graphics Helpers</Filter>
    </ClCompile>
    <ClCompile Include="Application.cpp">
      <Filter>Application</Filter>
    </ClCompile>
    <ClCompile Include="DepthOfFieldPostProcess.cpp">
      <Filter>Post Process</Filter>
    </ClCompile>
    <ClCompile Include="DeferredRendererApplication.cpp" />
    <ClCompile Include="MotionBlurPostProcess.cpp">
      <Filter>Post Process</Filter>
    </ClCompile>
    <ClCompile Include="UIRenderer.cpp">
      <Filter>UI</Filter>
    </ClCompile>
    <ClCompile Include="SpriteRenderer.cpp">
      <Filter>Sprites</Filter>
    </ClCompile>
    <ClCompile Include="Font.cpp">
      <Filter>Sprites</Filter>
    </ClCompile>
    <ClCompile Include="UIPostProcess.cpp">
      <Filter>Post Process</Filter>
    </ClCompile>
    <ClCompile Include="ConfigurationWindow.cpp">
      <Filter>UI</Filter>
    </ClCompile>
    <ClCompile Include="HDRConfigurationPane.cpp">
      <Filter>Post Process\Configuration Panes</Filter>
    </ClCompile>
    <ClCompile Include="FloatUpDown.cpp">
      <Filter>UI</Filter>
    </ClCompile>
    <ClCompile Include="Float3UpDown.cpp">
      <Filter>UI</Filter>
    </ClCompile>
    <ClCompile Include="CameraConfigurationPane.cpp">
      <Filter>Cameras\Configuration Panes</Filter>
    </ClCompile>
    <ClCompile Include="Float2UpDown.cpp">
      <Filter>UI</Filter>
    </ClCompile>
    <ClCompile Include="TestingCamera.cpp">
      <Filter>Cameras</Filter>
    </ClCompile>
    <ClCompile Include="SkyConfigurationPane.cpp">
      <Filter>Post Process\Configuration Panes</Filter>
    </ClCompile>
    <ClCompile Include="DirectionSelector.cpp">
      <Filter>UI</Filter>
    </ClCompile>
    <ClCompile Include="SSAOPostProcess.cpp">
      <Filter>Post Process</Filter>
    </ClCompile>
    <ClCompile Include="SSAOConfigurationPane.cpp">
      <Filter>Post Process\Configuration Panes</Filter>
    </ClCompile>
    <ClCompile Include="MLAAPostProcess.cpp">
      <Filter>Post Process</Filter>
    </ClCompile>
    <ClCompile Include="MLAAConfigurationPane.cpp">
      <Filter>Post Process\Configuration Panes</Filter>
    </ClCompile>
    <ClCompile Include="Logger.cpp">
      <Filter>Logging</Filter>
    </ClCompile>
    <ClCompile Include="LogWindow.cpp">
      <Filter>UI</Filter>
    </ClCompile>
    <ClCompile Include="AssimpLogger.cpp">
      <Filter>Logging</Filter>
    </ClCompile>
    <ClCompile Include="DualParaboloidPointLightRenderer.cpp">
      <Filter>Lights\Renderers</Filter>
    </ClCompile>
    <ClCompile Include="CascadedDirectionalLightRenderer.cpp">
      <Filter>Lights\Renderers</Filter>
    </ClCompile>
    <ClCompile Include="PostProcessSelectionPane.cpp">
      <Filter>UI</Filter>
    </ClCompile>
  </ItemGroup>
  <ItemGroup>
    <None Include="SimpleSample.hlsl">
      <Filter>Shaders</Filter>
    </None>
  </ItemGroup>
  <ItemGroup>
    <CLInclude Include="resource.h">
      <Filter>Resource Files</Filter>
    </CLInclude>
    <ResourceCompile Include="SimpleSample.rc">
      <Filter>Resource Files</Filter>
    </ResourceCompile>
    <ClInclude Include="Camera.h">
      <Filter>Cameras</Filter>
    </ClInclude>
    <ClInclude Include="IUpdateable.h">
      <Filter>Interfaces</Filter>
    </ClInclude>
    <ClInclude Include="IHasContent.h">
      <Filter>Interfaces</Filter>
    </ClInclude>
    <ClInclude Include="IDrawable.h">
      <Filter>Interfaces</Filter>
    </ClInclude>
    <ClInclude Include="Renderer.h" />
    <ClInclude Include="PostProcess.h">
      <Filter>Post Process</Filter>
    </ClInclude>
    <ClInclude Include="ModelInstance.h">
      <Filter>Models</Filter>
    </ClInclude>
    <ClInclude Include="DeferredBuffer.h">
      <Filter>Buffers</Filter>
    </ClInclude>
    <ClInclude Include="GBuffer.h">
      <Filter>Buffers</Filter>
    </ClInclude>
    <ClInclude Include="LightBuffer.h">
      <Filter>Buffers</Filter>
    </ClInclude>
    <ClInclude Include="ModelRenderer.h">
      <Filter>Models</Filter>
    </ClInclude>
    <ClInclude Include="Quad.h">
      <Filter>Quads</Filter>
    </ClInclude>
    <ClInclude Include="FullscreenQuad.h">
      <Filter>Quads</Filter>
    </ClInclude>
    <ClInclude Include="CombinePostProcess.h">
      <Filter>Post Process</Filter>
    </ClInclude>
    <ClInclude Include="KeyboardState.h">
      <Filter>Input</Filter>
    </ClInclude>
    <ClInclude Include="MouseState.h">
      <Filter>Input</Filter>
    </ClInclude>
    <ClInclude Include="ButtonState.h">
      <Filter>Input</Filter>
    </ClInclude>
    <ClInclude Include="Defines.h" />
    <ClInclude Include="Utility.h" />
    <ClInclude Include="HDRPostProcess.h">
      <Filter>Post Process</Filter>
    </ClInclude>
    <ClInclude Include="Model.h">
      <Filter>Models</Filter>
    </ClInclude>
    <ClInclude Include="Material.h">
      <Filter>Models</Filter>
    </ClInclude>
    <ClInclude Include="Mesh.h">
      <Filter>Models</Filter>
    </ClInclude>
    <ClInclude Include="BoundingObjectRenderer.h">
      <Filter>Collision</Filter>
    </ClInclude>
    <ClInclude Include="xnaCollision.h">
      <Filter>Collision</Filter>
    </ClInclude>
    <ClInclude Include="PerspectiveCamera.h">
      <Filter>Cameras</Filter>
    </ClInclude>
    <ClInclude Include="FirstPersonCamera.h">
      <Filter>Cameras</Filter>
    </ClInclude>
    <ClInclude Include="OrthographicCamera.h">
      <Filter>Cameras</Filter>
    </ClInclude>
    <ClInclude Include="DepthOfFieldPostProcess.h">
      <Filter>Post Process</Filter>
    </ClInclude>
    <ClInclude Include="Lights.h">
      <Filter>Lights\Light Types</Filter>
    </ClInclude>
    <ClInclude Include="SpotLightRenderer.h">
      <Filter>Lights\Renderers</Filter>
    </ClInclude>
    <ClInclude Include="DDS.h">
      <Filter>Graphics Helpers</Filter>
    </ClInclude>
    <ClInclude Include="DDSTextureLoader.h">
      <Filter>Graphics Helpers</Filter>
    </ClInclude>
    <ClInclude Include="ShaderLoader.h">
      <Filter>Graphics Helpers</Filter>
    </ClInclude>
    <ClInclude Include="DeviceStates.h">
      <Filter>Graphics Helpers</Filter>
    </ClInclude>
    <ClInclude Include="Window.h">
      <Filter>Application</Filter>
    </ClInclude>
    <ClInclude Include="Application.h">
      <Filter>Application</Filter>
    </ClInclude>
    <ClInclude Include="DeviceManager.h">
      <Filter>Graphics Helpers</Filter>
    </ClInclude>
    <ClInclude Include="DeferredRendererApplication.h" />
    <ClInclude Include="MotionBlurPostProcess.h">
      <Filter>Post Process</Filter>
    </ClInclude>
    <ClInclude Include="SpriteRenderer.h">
      <Filter>Sprites</Filter>
    </ClInclude>
    <ClInclude Include="Font.h">
      <Filter>Sprites</Filter>
    </ClInclude>
    <ClInclude Include="UIPostProcess.h">
      <Filter>Post Process</Filter>
    </ClInclude>
    <ClInclude Include="SkyPostProcess.h">
      <Filter>Post Process</Filter>
    </ClInclude>
    <ClInclude Include="ConfigurationWindow.h">
      <Filter>UI</Filter>
    </ClInclude>
    <ClInclude Include="ConfigurationPaneBase.h">
      <Filter>UI</Filter>
    </ClInclude>
    <ClInclude Include="ConfigurationPane.h">
      <Filter>UI</Filter>
    </ClInclude>
    <ClInclude Include="HDRConfigurationPane.h">
      <Filter>Post Process\Configuration Panes</Filter>
    </ClInclude>
    <ClInclude Include="FloatUpDown.h">
      <Filter>UI</Filter>
    </ClInclude>
    <ClInclude Include="Float3UpDown.h">
      <Filter>UI</Filter>
    </ClInclude>
    <ClInclude Include="CameraConfigurationPane.h">
      <Filter>Cameras\Configuration Panes</Filter>
    </ClInclude>
    <ClInclude Include="Float2UpDown.h">
      <Filter>UI</Filter>
    </ClInclude>
    <ClInclude Include="TestingCamera.h">
      <Filter>Cameras</Filter>
    </ClInclude>
    <ClInclude Include="SkyConfigurationPane.h">
      <Filter>Post Process\Configuration Panes</Filter>
    </ClInclude>
    <ClInclude Include="DirectionSelector.h">
      <Filter>UI</Filter>
    </ClInclude>
    <ClInclude Include="SSAOPostProcess.h">
      <Filter>Post Process</Filter>
    </ClInclude>
    <ClInclude Include="SSAOConfigurationPane.h">
      <Filter>Post Process\Configuration Panes</Filter>
    </ClInclude>
    <ClInclude Include="MLAAPostProcess.h">
      <Filter>Post Process</Filter>
    </ClInclude>
    <ClInclude Include="MLAAConfigurationPane.h">
      <Filter>Post Process\Configuration Panes</Filter>
    </ClInclude>
    <ClInclude Include="LogWindow.h">
      <Filter>UI</Filter>
    </ClInclude>
    <ClInclude Include="Logger.h">
      <Filter>Logging</Filter>
    </ClInclude>
    <ClInclude Include="AssimpLogger.h">
      <Filter>Logging</Filter>
    </ClInclude>
    <ClInclude Include="DualParaboloidPointLightRenderer.h">
      <Filter>Lights\Renderers</Filter>
    </ClInclude>
    <ClInclude Include="LightRenderer.h">
      <Filter>Lights\Renderers</Filter>
    </ClInclude>
    <ClInclude Include="CascadedDirectionalLightRenderer.h">
      <Filter>Lights\Renderers</Filter>
    </ClInclude>
    <ClInclude Include="PostProcessSelectionPane.h">
      <Filter>UI</Filter>
    </ClInclude>
  </ItemGroup>
  <ItemGroup>
  </ItemGroup>
</Project>